
Microsoft Visual Studio Solution File, Format Version 12.00
# Visual Studio Version 17
VisualStudioVersion = 17.3.32929.385
MinimumVisualStudioVersion = 10.0.40219.1
Project("{FAE04EC0-301F-11D3-BF4B-00C04F79EFBC}") = "ArrayListDictionary", "ArrayListDictionary.csproj", "{B99498F6-7B94-4C8A-8DD7-86A20A4DA342}"
EndProject
Project("{2150E333-8FDC-42A3-9474-1A3956D46DE8}") = "Solution Items", "Solution Items", "{0371E1A9-5A33-4C6A-B43A-9A52CC2AB78B}"
	ProjectSection(SolutionItems) = preProject
		.editorconfig = .editorconfig
	EndProjectSection
EndProject
Global
	GlobalSection(SolutionConfigurationPlatforms) = preSolution
		Debug|Any CPU = Debug|Any CPU
		Release|Any CPU = Release|Any CPU
	EndGlobalSection
	GlobalSection(ProjectConfigurationPlatforms) = postSolution
		{B99498F6-7B94-4C8A-8DD7-86A20A4DA342}.Debug|Any CPU.ActiveCfg = Debug|Any CPU
		{B99498F6-7B94-4C8A-8DD7-86A20A4DA342}.Debug|Any CPU.Build.0 = Debug|Any CPU
		{B99498F6-7B94-4C8A-8DD7-86A20A4DA342}.Release|Any CPU.ActiveCfg = Release|Any CPU
		{B99498F6-7B94-4C8A-8DD7-86A20A4DA342}.Release|Any CPU.Build.0 = Release|Any CPU
	EndGlobalSection
	GlobalSection(SolutionProperties) = preSolution
		HideSolutionNode = FALSE
	EndGlobalSection
	GlobalSection(ExtensibilityGlobals) = postSolution
		SolutionGuid = {6B2EA965-AC69-4036-AD0C-5899921424D2}
	EndGlobalSection
EndGlobal
